
Microsoft Visual Studio Solution File, Format Version 12.00
# Visual Studio Version 17
VisualStudioVersion = 17.0.31612.314
MinimumVisualStudioVersion = 10.0.40219.1
Project("{FAE04EC0-301F-11D3-BF4B-00C04F79EFBC}") = "shortest seek time first Algorithm", "shortest seek time first Algorithm\shortest seek time first Algorithm.csproj", "{F7AC5FA7-BED7-4D3B-84CA-48F4CA919E42}"
EndProject
Global
	GlobalSection(SolutionConfigurationPlatforms) = preSolution
		Debug|Any CPU = Debug|Any CPU
		Release|Any CPU = Release|Any CPU
	EndGlobalSection
	GlobalSection(ProjectConfigurationPlatforms) = postSolution
		{F7AC5FA7-BED7-4D3B-84CA-48F4CA919E42}.Debug|Any CPU.ActiveCfg = Debug|Any CPU
		{F7AC5FA7-BED7-4D3B-84CA-48F4CA919E42}.Debug|Any CPU.Build.0 = Debug|Any CPU
		{F7AC5FA7-BED7-4D3B-84CA-48F4CA919E42}.Release|Any CPU.ActiveCfg = Release|Any CPU
		{F7AC5FA7-BED7-4D3B-84CA-48F4CA919E42}.Release|Any CPU.Build.0 = Release|Any CPU
	EndGlobalSection
	GlobalSection(SolutionProperties) = preSolution
		HideSolutionNode = FALSE
	EndGlobalSection
	GlobalSection(ExtensibilityGlobals) = postSolution
		SolutionGuid = {E66C1AD8-23CC-494B-8A53-978BFFB32581}
	EndGlobalSection
EndGlobal
